
Microsoft Visual Studio Solution File, Format Version 12.00
# Visual Studio Version 17
VisualStudioVersion = 17.2.32422.2
MinimumVisualStudioVersion = 10.0.40219.1
Project("{9A19103F-16F7-4668-BE54-9A1E7A4F7556}") = "PandoranimeService", "PandoranimeService\PandoranimeService.csproj", "{8D4172EE-555B-4092-BE47-70EF1FF9818E}"
EndProject
Project("{FAE04EC0-301F-11D3-BF4B-00C04F79EFBC}") = "Pandoranime", "Pandoranime\Pandoranime.csproj", "{2B2606C1-D101-44CF-B5EB-D0BDD345A27B}"
EndProject
Global
	GlobalSection(SolutionConfigurationPlatforms) = preSolution
		Debug|Any CPU = Debug|Any CPU
		Release|Any CPU = Release|Any CPU
	EndGlobalSection
	GlobalSection(ProjectConfigurationPlatforms) = postSolution
		{8D4172EE-555B-4092-BE47-70EF1FF9818E}.Debug|Any CPU.ActiveCfg = Debug|Any CPU
		{8D4172EE-555B-4092-BE47-70EF1FF9818E}.Debug|Any CPU.Build.0 = Debug|Any CPU
		{8D4172EE-555B-4092-BE47-70EF1FF9818E}.Release|Any CPU.ActiveCfg = Release|Any CPU
		{8D4172EE-555B-4092-BE47-70EF1FF9818E}.Release|Any CPU.Build.0 = Release|Any CPU
		{2B2606C1-D101-44CF-B5EB-D0BDD345A27B}.Debug|Any CPU.ActiveCfg = Debug|Any CPU
		{2B2606C1-D101-44CF-B5EB-D0BDD345A27B}.Debug|Any CPU.Build.0 = Debug|Any CPU
		{2B2606C1-D101-44CF-B5EB-D0BDD345A27B}.Debug|Any CPU.Deploy.0 = Debug|Any CPU
		{2B2606C1-D101-44CF-B5EB-D0BDD345A27B}.Release|Any CPU.ActiveCfg = Release|Any CPU
		{2B2606C1-D101-44CF-B5EB-D0BDD345A27B}.Release|Any CPU.Build.0 = Release|Any CPU
		{2B2606C1-D101-44CF-B5EB-D0BDD345A27B}.Release|Any CPU.Deploy.0 = Release|Any CPU
	EndGlobalSection
	GlobalSection(SolutionProperties) = preSolution
		HideSolutionNode = FALSE
	EndGlobalSection
	GlobalSection(ExtensibilityGlobals) = postSolution
		SolutionGuid = {CE487781-E8D1-4199-86A3-A7EB5004C63F}
	EndGlobalSection
EndGlobal
